
Microsoft Visual Studio Solution File, Format Version 12.00
# Visual Studio Version 17
VisualStudioVersion = 17.0.31903.59
MinimumVisualStudioVersion = 10.0.40219.1
Project("{FAE04EC0-301F-11D3-BF4B-00C04F79EFBC}") = "WorkFlow.Api", "src\WorkFlow.Api\WorkFlow.Api.csproj", "{6F1B7D3A-2C4E-4B8A-9E1D-3A5C7B9D1E01}"
EndProject
Project("{FAE04EC0-301F-11D3-BF4B-00C04F79EFBC}") = "WorkFlow.Api.Tests", "tests\WorkFlow.Api.Tests\WorkFlow.Api.Tests.csproj", "{6F1B7D3A-2C4E-4B8A-9E1D-3A5C7B9D1E02}"
EndProject
Global
	GlobalSection(SolutionConfigurationPlatforms) = preSolution
		Debug|Any CPU = Debug|Any CPU
		Release|Any CPU = Release|Any CPU
	EndGlobalSection
	GlobalSection(ProjectConfigurationPlatforms) = postSolution
		{6F1B7D3A-2C4E-4B8A-9E1D-3A5C7B9D1E01}.Debug|Any CPU.ActiveCfg = Debug|Any CPU
		{6F1B7D3A-2C4E-4B8A-9E1D-3A5C7B9D1E01}.Debug|Any CPU.Build.0 = Debug|Any CPU
		{6F1B7D3A-2C4E-4B8A-9E1D-3A5C7B9D1E01}.Release|Any CPU.ActiveCfg = Release|Any CPU
		{6F1B7D3A-2C4E-4B8A-9E1D-3A5C7B9D1E01}.Release|Any CPU.Build.0 = Release|Any CPU
		{6F1B7D3A-2C4E-4B8A-9E1D-3A5C7B9D1E02}.Debug|Any CPU.ActiveCfg = Debug|Any CPU
		{6F1B7D3A-2C4E-4B8A-9E1D-3A5C7B9D1E02}.Debug|Any CPU.Build.0 = Debug|Any CPU
		{6F1B7D3A-2C4E-4B8A-9E1D-3A5C7B9D1E02}.Release|Any CPU.ActiveCfg = Release|Any CPU
		{6F1B7D3A-2C4E-4B8A-9E1D-3A5C7B9D1E02}.Release|Any CPU.Build.0 = Release|Any CPU
	EndGlobalSection
	GlobalSection(SolutionProperties) = preSolution
		HideSolutionNode = FALSE
	EndGlobalSection
EndGlobal
